
Microsoft Visual Studio Solution File, Format Version 12.00
Project("{FAE04EC0-301F-11D3-BF4B-00C04F79EFBC}") = "MiniProjektSA", "MiniProjektSA\MiniProjektSA.csproj", "{0305F41D-BFE6-40CD-BD2C-2892C742F488}"
EndProject
Project("{FAE04EC0-301F-11D3-BF4B-00C04F79EFBC}") = "MiniProjektSABlazor", "MiniProjektSABlazor\MiniProjektSABlazor.csproj", "{2309BA7F-8B72-4B9A-A326-1A863BF37AAD}"
EndProject
Global
	GlobalSection(SolutionConfigurationPlatforms) = preSolution
		Debug|Any CPU = Debug|Any CPU
		Release|Any CPU = Release|Any CPU
	EndGlobalSection
	GlobalSection(ProjectConfigurationPlatforms) = postSolution
		{0305F41D-BFE6-40CD-BD2C-2892C742F488}.Debug|Any CPU.ActiveCfg = Debug|Any CPU
		{0305F41D-BFE6-40CD-BD2C-2892C742F488}.Debug|Any CPU.Build.0 = Debug|Any CPU
		{0305F41D-BFE6-40CD-BD2C-2892C742F488}.Release|Any CPU.ActiveCfg = Release|Any CPU
		{0305F41D-BFE6-40CD-BD2C-2892C742F488}.Release|Any CPU.Build.0 = Release|Any CPU
		{2309BA7F-8B72-4B9A-A326-1A863BF37AAD}.Debug|Any CPU.ActiveCfg = Debug|Any CPU
		{2309BA7F-8B72-4B9A-A326-1A863BF37AAD}.Debug|Any CPU.Build.0 = Debug|Any CPU
		{2309BA7F-8B72-4B9A-A326-1A863BF37AAD}.Release|Any CPU.ActiveCfg = Release|Any CPU
		{2309BA7F-8B72-4B9A-A326-1A863BF37AAD}.Release|Any CPU.Build.0 = Release|Any CPU
	EndGlobalSection
EndGlobal
